
Microsoft Visual Studio Solution File, Format Version 12.00
# Visual Studio 14
VisualStudioVersion = 14.0.25420.1
MinimumVisualStudioVersion = 10.0.40219.1
Project("{FAE04EC0-301F-11D3-BF4B-00C04F79EFBC}") = "SiriusTimetable.Common", "SiriusTimetable.Common\SiriusTimetable.Common.csproj", "{67F9D3A8-F71E-4428-913F-C37AE82CDB24}"
EndProject
Project("{FAE04EC0-301F-11D3-BF4B-00C04F79EFBC}") = "SiriusTimetable.Core", "SiriusTimetable.Core\SiriusTimetable.Core.csproj", "{BE52EB50-B0DA-4689-8964-AF0D7C5DEE46}"
EndProject
Project("{FAE04EC0-301F-11D3-BF4B-00C04F79EFBC}") = "SiriusTimetable.Droid", "SiriusTimetable.Droid\SiriusTimetable.Droid.csproj", "{99BFF500-44D2-4870-AA15-4460E07F4B2A}"
EndProject
Global
	GlobalSection(SolutionConfigurationPlatforms) = preSolution
		Debug|Any CPU = Debug|Any CPU
		Debug|ARM = Debug|ARM
		Debug|iPhone = Debug|iPhone
		Debug|iPhoneSimulator = Debug|iPhoneSimulator
		Debug|x64 = Debug|x64
		Debug|x86 = Debug|x86
		Release|Any CPU = Release|Any CPU
		Release|ARM = Release|ARM
		Release|iPhone = Release|iPhone
		Release|iPhoneSimulator = Release|iPhoneSimulator
		Release|x64 = Release|x64
		Release|x86 = Release|x86
	EndGlobalSection
	GlobalSection(ProjectConfigurationPlatforms) = postSolution
		{67F9D3A8-F71E-4428-913F-C37AE82CDB24}.Debug|Any CPU.ActiveCfg = Debug|Any CPU
		{67F9D3A8-F71E-4428-913F-C37AE82CDB24}.Debug|Any CPU.Build.0 = Debug|Any CPU
		{67F9D3A8-F71E-4428-913F-C37AE82CDB24}.Debug|ARM.ActiveCfg = Debug|Any CPU
		{67F9D3A8-F71E-4428-913F-C37AE82CDB24}.Debug|ARM.Build.0 = Debug|Any CPU
		{67F9D3A8-F71E-4428-913F-C37AE82CDB24}.Debug|iPhone.ActiveCfg = Debug|Any CPU
		{67F9D3A8-F71E-4428-913F-C37AE82CDB24}.Debug|iPhone.Build.0 = Debug|Any CPU
		{67F9D3A8-F71E-4428-913F-C37AE82CDB24}.Debug|iPhoneSimulator.ActiveCfg = Debug|Any CPU
		{67F9D3A8-F71E-4428-913F-C37AE82CDB24}.Debug|iPhoneSimulator.Build.0 = Debug|Any CPU
		{67F9D3A8-F71E-4428-913F-C37AE82CDB24}.Debug|x64.ActiveCfg = Debug|Any CPU
		{67F9D3A8-F71E-4428-913F-C37AE82CDB24}.Debug|x64.Build.0 = Debug|Any CPU
		{67F9D3A8-F71E-4428-913F-C37AE82CDB24}.Debug|x86.ActiveCfg = Debug|Any CPU
		{67F9D3A8-F71E-4428-913F-C37AE82CDB24}.Debug|x86.Build.0 = Debug|Any CPU
		{67F9D3A8-F71E-4428-913F-C37AE82CDB24}.Release|Any CPU.ActiveCfg = Release|Any CPU
		{67F9D3A8-F71E-4428-913F-C37AE82CDB24}.Release|Any CPU.Build.0 = Release|Any CPU
		{67F9D3A8-F71E-4428-913F-C37AE82CDB24}.Release|ARM.ActiveCfg = Release|Any CPU
		{67F9D3A8-F71E-4428-913F-C37AE82CDB24}.Release|ARM.Build.0 = Release|Any CPU
		{67F9D3A8-F71E-4428-913F-C37AE82CDB24}.Release|iPhone.ActiveCfg = Release|Any CPU
		{67F9D3A8-F71E-4428-913F-C37AE82CDB24}.Release|iPhone.Build.0 = Release|Any CPU
		{67F9D3A8-F71E-4428-913F-C37AE82CDB24}.Release|iPhoneSimulator.ActiveCfg = Release|Any CPU
		{67F9D3A8-F71E-4428-913F-C37AE82CDB24}.Release|iPhoneSimulator.Build.0 = Release|Any CPU
		{67F9D3A8-F71E-4428-913F-C37AE82CDB24}.Release|x64.ActiveCfg = Release|Any CPU
		{67F9D3A8-F71E-4428-913F-C37AE82CDB24}.Release|x64.Build.0 = Release|Any CPU
		{67F9D3A8-F71E-4428-913F-C37AE82CDB24}.Release|x86.ActiveCfg = Release|Any CPU
		{67F9D3A8-F71E-4428-913F-C37AE82CDB24}.Release|x86.Build.0 = Release|Any CPU
		{BE52EB50-B0DA-4689-8964-AF0D7C5DEE46}.Debug|Any CPU.ActiveCfg = Debug|Any CPU
		{BE52EB50-B0DA-4689-8964-AF0D7C5DEE46}.Debug|Any CPU.Build.0 = Debug|Any CPU
		{BE52EB50-B0DA-4689-8964-AF0D7C5DEE46}.Debug|ARM.ActiveCfg = Debug|Any CPU
		{BE52EB50-B0DA-4689-8964-AF0D7C5DEE46}.Debug|ARM.Build.0 = Debug|Any CPU
		{BE52EB50-B0DA-4689-8964-AF0D7C5DEE46}.Debug|iPhone.ActiveCfg = Debug|Any CPU
		{BE52EB50-B0DA-4689-8964-AF0D7C5DEE46}.Debug|iPhone.Build.0 = Debug|Any CPU
		{BE52EB50-B0DA-4689-8964-AF0D7C5DEE46}.Debug|iPhoneSimulator.ActiveCfg = Debug|Any CPU
		{BE52EB50-B0DA-4689-8964-AF0D7C5DEE46}.Debug|iPhoneSimulator.Build.0 = Debug|Any CPU
		{BE52EB50-B0DA-4689-8964-AF0D7C5DEE46}.Debug|x64.ActiveCfg = Debug|Any CPU
		{BE52EB50-B0DA-4689-8964-AF0D7C5DEE46}.Debug|x64.Build.0 = Debug|Any CPU
		{BE52EB50-B0DA-4689-8964-AF0D7C5DEE46}.Debug|x86.ActiveCfg = Debug|Any CPU
		{BE52EB50-B0DA-4689-8964-AF0D7C5DEE46}.Debug|x86.Build.0 = Debug|Any CPU
		{BE52EB50-B0DA-4689-8964-AF0D7C5DEE46}.Release|Any CPU.ActiveCfg = Release|Any CPU
		{BE52EB50-B0DA-4689-8964-AF0D7C5DEE46}.Release|Any CPU.Build.0 = Release|Any CPU
		{BE52EB50-B0DA-4689-8964-AF0D7C5DEE46}.Release|ARM.ActiveCfg = Release|Any CPU
		{BE52EB50-B0DA-4689-8964-AF0D7C5DEE46}.Release|ARM.Build.0 = Release|Any CPU
		{BE52EB50-B0DA-4689-8964-AF0D7C5DEE46}.Release|iPhone.ActiveCfg = Release|Any CPU
		{BE52EB50-B0DA-4689-8964-AF0D7C5DEE46}.Release|iPhone.Build.0 = Release|Any CPU
		{BE52EB50-B0DA-4689-8964-AF0D7C5DEE46}.Release|iPhoneSimulator.ActiveCfg = Release|Any CPU
		{BE52EB50-B0DA-4689-8964-AF0D7C5DEE46}.Release|iPhoneSimulator.Build.0 = Release|Any CPU
		{BE52EB50-B0DA-4689-8964-AF0D7C5DEE46}.Release|x64.ActiveCfg = Release|Any CPU
		{BE52EB50-B0DA-4689-8964-AF0D7C5DEE46}.Release|x64.Build.0 = Release|Any CPU
		{BE52EB50-B0DA-4689-8964-AF0D7C5DEE46}.Release|x86.ActiveCfg = Release|Any CPU
		{BE52EB50-B0DA-4689-8964-AF0D7C5DEE46}.Release|x86.Build.0 = Release|Any CPU
		{99BFF500-44D2-4870-AA15-4460E07F4B2A}.Debug|Any CPU.ActiveCfg = Debug|Any CPU
		{99BFF500-44D2-4870-AA15-4460E07F4B2A}.Debug|Any CPU.Build.0 = Debug|Any CPU
		{99BFF500-44D2-4870-AA15-4460E07F4B2A}.Debug|Any CPU.Deploy.0 = Debug|Any CPU
		{99BFF500-44D2-4870-AA15-4460E07F4B2A}.Debug|ARM.ActiveCfg = Debug|Any CPU
		{99BFF500-44D2-4870-AA15-4460E07F4B2A}.Debug|ARM.Build.0 = Debug|Any CPU
		{99BFF500-44D2-4870-AA15-4460E07F4B2A}.Debug|ARM.Deploy.0 = Debug|Any CPU
		{99BFF500-44D2-4870-AA15-4460E07F4B2A}.Debug|iPhone.ActiveCfg = Debug|Any CPU
		{99BFF500-44D2-4870-AA15-4460E07F4B2A}.Debug|iPhone.Build.0 = Debug|Any CPU
		{99BFF500-44D2-4870-AA15-4460E07F4B2A}.Debug|iPhone.Deploy.0 = Debug|Any CPU
		{99BFF500-44D2-4870-AA15-4460E07F4B2A}.Debug|iPhoneSimulator.ActiveCfg = Debug|Any CPU
		{99BFF500-44D2-4870-AA15-4460E07F4B2A}.Debug|iPhoneSimulator.Build.0 = Debug|Any CPU
		{99BFF500-44D2-4870-AA15-4460E07F4B2A}.Debug|iPhoneSimulator.Deploy.0 = Debug|Any CPU
		{99BFF500-44D2-4870-AA15-4460E07F4B2A}.Debug|x64.ActiveCfg = Debug|Any CPU
		{99BFF500-44D2-4870-AA15-4460E07F4B2A}.Debug|x64.Build.0 = Debug|Any CPU
		{99BFF500-44D2-4870-AA15-4460E07F4B2A}.Debug|x64.Deploy.0 = Debug|Any CPU
		{99BFF500-44D2-4870-AA15-4460E07F4B2A}.Debug|x86.ActiveCfg = Debug|Any CPU
		{99BFF500-44D2-4870-AA15-4460E07F4B2A}.Debug|x86.Build.0 = Debug|Any CPU
		{99BFF500-44D2-4870-AA15-4460E07F4B2A}.Debug|x86.Deploy.0 = Debug|Any CPU
		{99BFF500-44D2-4870-AA15-4460E07F4B2A}.Release|Any CPU.ActiveCfg = Release|Any CPU
		{99BFF500-44D2-4870-AA15-4460E07F4B2A}.Release|Any CPU.Build.0 = Release|Any CPU
		{99BFF500-44D2-4870-AA15-4460E07F4B2A}.Release|Any CPU.Deploy.0 = Release|Any CPU
		{99BFF500-44D2-4870-AA15-4460E07F4B2A}.Release|ARM.ActiveCfg = Release|Any CPU
		{99BFF500-44D2-4870-AA15-4460E07F4B2A}.Release|ARM.Build.0 = Release|Any CPU
		{99BFF500-44D2-4870-AA15-4460E07F4B2A}.Release|ARM.Deploy.0 = Release|Any CPU
		{99BFF500-44D2-4870-AA15-4460E07F4B2A}.Release|iPhone.ActiveCfg = Release|Any CPU
		{99BFF500-44D2-4870-AA15-4460E07F4B2A}.Release|iPhone.Build.0 = Release|Any CPU
		{99BFF500-44D2-4870-AA15-4460E07F4B2A}.Release|iPhone.Deploy.0 = Release|Any CPU
		{99BFF500-44D2-4870-AA15-4460E07F4B2A}.Release|iPhoneSimulator.ActiveCfg = Release|Any CPU
		{99BFF500-44D2-4870-AA15-4460E07F4B2A}.Release|iPhoneSimulator.Build.0 = Release|Any CPU
		{99BFF500-44D2-4870-AA15-4460E07F4B2A}.Release|iPhoneSimulator.Deploy.0 = Release|Any CPU
		{99BFF500-44D2-4870-AA15-4460E07F4B2A}.Release|x64.ActiveCfg = Release|Any CPU
		{99BFF500-44D2-4870-AA15-4460E07F4B2A}.Release|x64.Build.0 = Release|Any CPU
		{99BFF500-44D2-4870-AA15-4460E07F4B2A}.Release|x64.Deploy.0 = Release|Any CPU
		{99BFF500-44D2-4870-AA15-4460E07F4B2A}.Release|x86.ActiveCfg = Release|Any CPU
		{99BFF500-44D2-4870-AA15-4460E07F4B2A}.Release|x86.Build.0 = Release|Any CPU
		{99BFF500-44D2-4870-AA15-4460E07F4B2A}.Release|x86.Deploy.0 = Release|Any CPU
	EndGlobalSection
	GlobalSection(SolutionProperties) = preSolution
		HideSolutionNode = FALSE
	EndGlobalSection
EndGlobal
